
Microsoft Visual Studio Solution File, Format Version 12.00
# Visual Studio Version 17
VisualStudioVersion = 17.11.35219.272
MinimumVisualStudioVersion = 10.0.40219.1
Project("{888888A0-9F3D-457C-B088-3A5042F75D52}") = "urban_university", "urban_university\urban_university.pyproj", "{F0124B91-C45F-47AF-BE03-587FE3D2D025}"
EndProject
Global
	GlobalSection(SolutionConfigurationPlatforms) = preSolution
		Debug|Any CPU = Debug|Any CPU
		Release|Any CPU = Release|Any CPU
	EndGlobalSection
	GlobalSection(ProjectConfigurationPlatforms) = postSolution
		{F0124B91-C45F-47AF-BE03-587FE3D2D025}.Debug|Any CPU.ActiveCfg = Debug|Any CPU
		{F0124B91-C45F-47AF-BE03-587FE3D2D025}.Release|Any CPU.ActiveCfg = Release|Any CPU
	EndGlobalSection
	GlobalSection(SolutionProperties) = preSolution
		HideSolutionNode = FALSE
	EndGlobalSection
	GlobalSection(ExtensibilityGlobals) = postSolution
		SolutionGuid = {13F1CE2C-8786-4BE6-9C53-BBA883D1AD6B}
	EndGlobalSection
EndGlobal
